// !$*UTF8*$!
{
	archiveVersion = 1;
	classes = {
	};
	objectVersion = 51;
	objects = {

/* Begin PBXBuildFile section */
		5D45717B25FA53DB00BF2DCB /* AppDelegate.swift in Sources */ = {isa = PBXBuildFile; fileRef = 5D45717A25FA53DB00BF2DCB /* AppDelegate.swift */; };
		5D45717D25FA53DB00BF2DCB /* SceneDelegate.swift in Sources */ = {isa = PBXBuildFile; fileRef = 5D45717C25FA53DB00BF2DCB /* SceneDelegate.swift */; };
		5D45717F25FA53DB00BF2DCB /* ContentView.swift in Sources */ = {isa = PBXBuildFile; fileRef = 5D45717E25FA53DB00BF2DCB /* ContentView.swift */; };
		5D45718125FA53DD00BF2DCB /* Assets.xcassets in Resources */ = {isa = PBXBuildFile; fileRef = 5D45718025FA53DD00BF2DCB /* Assets.xcassets */; };
		5D45718425FA53DD00BF2DCB /* Preview Assets.xcassets in Resources */ = {isa = PBXBuildFile; fileRef = 5D45718325FA53DD00BF2DCB /* Preview Assets.xcassets */; };
		5D45718725FA53DD00BF2DCB /* LaunchScreen.storyboard in Resources */ = {isa = PBXBuildFile; fileRef = 5D45718525FA53DD00BF2DCB /* LaunchScreen.storyboard */; };
		5D45719225FA53DE00BF2DCB /* AMC_Test_PrepperTests.swift in Sources */ = {isa = PBXBuildFile; fileRef = 5D45719125FA53DE00BF2DCB /* AMC_Test_PrepperTests.swift */; };
		5D45719D25FA53DE00BF2DCB /* AMC_Test_PrepperUITests.swift in Sources */ = {isa = PBXBuildFile; fileRef = 5D45719C25FA53DE00BF2DCB /* AMC_Test_PrepperUITests.swift */; };
		5D4CE6A4261C894200616E76 /* Scraper.swift in Sources */ = {isa = PBXBuildFile; fileRef = 5D4CE6A3261C894200616E76 /* Scraper.swift */; };
		5D860DBB2620D1DC003181D3 /* Question.swift in Sources */ = {isa = PBXBuildFile; fileRef = 5D860DBA2620D1DC003181D3 /* Question.swift */; };
		5D897AAB260A129A004300A8 /* GoogleService-Info.plist in Resources */ = {isa = PBXBuildFile; fileRef = 5D897AAA260A129A004300A8 /* GoogleService-Info.plist */; };
		5D897AAC260A129A004300A8 /* GoogleService-Info.plist in Resources */ = {isa = PBXBuildFile; fileRef = 5D897AAA260A129A004300A8 /* GoogleService-Info.plist */; };
		5D897AAD260A129A004300A8 /* GoogleService-Info.plist in Resources */ = {isa = PBXBuildFile; fileRef = 5D897AAA260A129A004300A8 /* GoogleService-Info.plist */; };
		A6D827A5F2D4C77AE51D7E39 /* Pods_AMC_Test_Prepper.framework in Frameworks */ = {isa = PBXBuildFile; fileRef = 5A836D10712026098267B4C1 /* Pods_AMC_Test_Prepper.framework */; };
/* End PBXBuildFile section */

/* Begin PBXContainerItemProxy section */
		5D45718E25FA53DD00BF2DCB /* PBXContainerItemProxy */ = {
			isa = PBXContainerItemProxy;
			containerPortal = 5D45716F25FA53DB00BF2DCB /* Project object */;
			proxyType = 1;
			remoteGlobalIDString = 5D45717625FA53DB00BF2DCB;
			remoteInfo = "AMC Test Prepper";
		};
		5D45719925FA53DE00BF2DCB /* PBXContainerItemProxy */ = {
			isa = PBXContainerItemProxy;
			containerPortal = 5D45716F25FA53DB00BF2DCB /* Project object */;
			proxyType = 1;
			remoteGlobalIDString = 5D45717625FA53DB00BF2DCB;
			remoteInfo = "AMC Test Prepper";
		};
/* End PBXContainerItemProxy section */

/* Begin PBXFileReference section */
		28944023CB5B3BBC8877D131 /* Pods-AMC Test Prepper.debug.xcconfig */ = {isa = PBXFileReference; includeInIndex = 1; lastKnownFileType = text.xcconfig; name = "Pods-AMC Test Prepper.debug.xcconfig"; path = "Target Support Files/Pods-AMC Test Prepper/Pods-AMC Test Prepper.debug.xcconfig"; sourceTree = "<group>"; };
		30536E413D6D17E910540EFB /* Pods-AMC Test Prepper.release.xcconfig */ = {isa = PBXFileReference; includeInIndex = 1; lastKnownFileType = text.xcconfig; name = "Pods-AMC Test Prepper.release.xcconfig"; path = "Target Support Files/Pods-AMC Test Prepper/Pods-AMC Test Prepper.release.xcconfig"; sourceTree = "<group>"; };
		5A836D10712026098267B4C1 /* Pods_AMC_Test_Prepper.framework */ = {isa = PBXFileReference; explicitFileType = wrapper.framework; includeInIndex = 0; path = Pods_AMC_Test_Prepper.framework; sourceTree = BUILT_PRODUCTS_DIR; };
		5D45717725FA53DB00BF2DCB /* AMC Test Prepper.app */ = {isa = PBXFileReference; explicitFileType = wrapper.application; includeInIndex = 0; path = "AMC Test Prepper.app"; sourceTree = BUILT_PRODUCTS_DIR; };
		5D45717A25FA53DB00BF2DCB /* AppDelegate.swift */ = {isa = PBXFileReference; lastKnownFileType = sourcecode.swift; path = AppDelegate.swift; sourceTree = "<group>"; };
		5D45717C25FA53DB00BF2DCB /* SceneDelegate.swift */ = {isa = PBXFileReference; lastKnownFileType = sourcecode.swift; path = SceneDelegate.swift; sourceTree = "<group>"; };
		5D45717E25FA53DB00BF2DCB /* ContentView.swift */ = {isa = PBXFileReference; lastKnownFileType = sourcecode.swift; path = ContentView.swift; sourceTree = "<group>"; };
		5D45718025FA53DD00BF2DCB /* Assets.xcassets */ = {isa = PBXFileReference; lastKnownFileType = folder.assetcatalog; path = Assets.xcassets; sourceTree = "<group>"; };
		5D45718325FA53DD00BF2DCB /* Preview Assets.xcassets */ = {isa = PBXFileReference; lastKnownFileType = folder.assetcatalog; path = "Preview Assets.xcassets"; sourceTree = "<group>"; };
		5D45718625FA53DD00BF2DCB /* Base */ = {isa = PBXFileReference; lastKnownFileType = file.storyboard; name = Base; path = Base.lproj/LaunchScreen.storyboard; sourceTree = "<group>"; };
		5D45718825FA53DD00BF2DCB /* Info.plist */ = {isa = PBXFileReference; lastKnownFileType = text.plist.xml; path = Info.plist; sourceTree = "<group>"; };
		5D45718D25FA53DD00BF2DCB /* AMC Test PrepperTests.xctest */ = {isa = PBXFileReference; explicitFileType = wrapper.cfbundle; includeInIndex = 0; path = "AMC Test PrepperTests.xctest"; sourceTree = BUILT_PRODUCTS_DIR; };
		5D45719125FA53DE00BF2DCB /* AMC_Test_PrepperTests.swift */ = {isa = PBXFileReference; lastKnownFileType = sourcecode.swift; path = AMC_Test_PrepperTests.swift; sourceTree = "<group>"; };
		5D45719325FA53DE00BF2DCB /* Info.plist */ = {isa = PBXFileReference; lastKnownFileType = text.plist.xml; path = Info.plist; sourceTree = "<group>"; };
		5D45719825FA53DE00BF2DCB /* AMC Test PrepperUITests.xctest */ = {isa = PBXFileReference; explicitFileType = wrapper.cfbundle; includeInIndex = 0; path = "AMC Test PrepperUITests.xctest"; sourceTree = BUILT_PRODUCTS_DIR; };
		5D45719C25FA53DE00BF2DCB /* AMC_Test_PrepperUITests.swift */ = {isa = PBXFileReference; lastKnownFileType = sourcecode.swift; path = AMC_Test_PrepperUITests.swift; sourceTree = "<group>"; };
		5D45719E25FA53DE00BF2DCB /* Info.plist */ = {isa = PBXFileReference; lastKnownFileType = text.plist.xml; path = Info.plist; sourceTree = "<group>"; };
		5D4CE6A3261C894200616E76 /* Scraper.swift */ = {isa = PBXFileReference; lastKnownFileType = sourcecode.swift; path = Scraper.swift; sourceTree = "<group>"; };
		5D860DBA2620D1DC003181D3 /* Question.swift */ = {isa = PBXFileReference; lastKnownFileType = sourcecode.swift; path = Question.swift; sourceTree = "<group>"; };
		5D897AAA260A129A004300A8 /* GoogleService-Info.plist */ = {isa = PBXFileReference; fileEncoding = 4; lastKnownFileType = text.plist.xml; path = "GoogleService-Info.plist"; sourceTree = "<group>"; };
/* End PBXFileReference section */

/* Begin PBXFrameworksBuildPhase section */
		5D45717425FA53DB00BF2DCB /* Frameworks */ = {
			isa = PBXFrameworksBuildPhase;
			buildActionMask = 2147483647;
			files = (
				A6D827A5F2D4C77AE51D7E39 /* Pods_AMC_Test_Prepper.framework in Frameworks */,
			);
			runOnlyForDeploymentPostprocessing = 0;
		};
		5D45718A25FA53DD00BF2DCB /* Frameworks */ = {
			isa = PBXFrameworksBuildPhase;
			buildActionMask = 2147483647;
			files = (
			);
			runOnlyForDeploymentPostprocessing = 0;
		};
		5D45719525FA53DE00BF2DCB /* Frameworks */ = {
			isa = PBXFrameworksBuildPhase;
			buildActionMask = 2147483647;
			files = (
			);
			runOnlyForDeploymentPostprocessing = 0;
		};
/* End PBXFrameworksBuildPhase section */

/* Begin PBXGroup section */
		193C8421F43F6299E96B32E7 /* Pods */ = {
			isa = PBXGroup;
			children = (
				28944023CB5B3BBC8877D131 /* Pods-AMC Test Prepper.debug.xcconfig */,
				30536E413D6D17E910540EFB /* Pods-AMC Test Prepper.release.xcconfig */,
			);
			path = Pods;
			sourceTree = "<group>";
		};
		241C369004455BE02289585B /* Frameworks */ = {
			isa = PBXGroup;
			children = (
				5A836D10712026098267B4C1 /* Pods_AMC_Test_Prepper.framework */,
			);
			name = Frameworks;
			sourceTree = "<group>";
		};
		5D45716E25FA53DB00BF2DCB = {
			isa = PBXGroup;
			children = (
				5D45717925FA53DB00BF2DCB /* AMC Test Prepper */,
				5D45719025FA53DE00BF2DCB /* AMC Test PrepperTests */,
				5D45719B25FA53DE00BF2DCB /* AMC Test PrepperUITests */,
				5D45717825FA53DB00BF2DCB /* Products */,
				193C8421F43F6299E96B32E7 /* Pods */,
				241C369004455BE02289585B /* Frameworks */,
			);
			sourceTree = "<group>";
		};
		5D45717825FA53DB00BF2DCB /* Products */ = {
			isa = PBXGroup;
			children = (
				5D45717725FA53DB00BF2DCB /* AMC Test Prepper.app */,
				5D45718D25FA53DD00BF2DCB /* AMC Test PrepperTests.xctest */,
				5D45719825FA53DE00BF2DCB /* AMC Test PrepperUITests.xctest */,
			);
			name = Products;
			sourceTree = "<group>";
		};
		5D45717925FA53DB00BF2DCB /* AMC Test Prepper */ = {
			isa = PBXGroup;
			children = (
				5D897AAA260A129A004300A8 /* GoogleService-Info.plist */,
				5D45717A25FA53DB00BF2DCB /* AppDelegate.swift */,
				5D45717C25FA53DB00BF2DCB /* SceneDelegate.swift */,
				5D45717E25FA53DB00BF2DCB /* ContentView.swift */,
				5D45718025FA53DD00BF2DCB /* Assets.xcassets */,
				5D45718525FA53DD00BF2DCB /* LaunchScreen.storyboard */,
				5D45718825FA53DD00BF2DCB /* Info.plist */,
				5D45718225FA53DD00BF2DCB /* Preview Content */,
				5D4CE6A3261C894200616E76 /* Scraper.swift */,
				5D860DBA2620D1DC003181D3 /* Question.swift */,
			);
			path = "AMC Test Prepper";
			sourceTree = "<group>";
		};
		5D45718225FA53DD00BF2DCB /* Preview Content */ = {
			isa = PBXGroup;
			children = (
				5D45718325FA53DD00BF2DCB /* Preview Assets.xcassets */,
			);
			path = "Preview Content";
			sourceTree = "<group>";
		};
		5D45719025FA53DE00BF2DCB /* AMC Test PrepperTests */ = {
			isa = PBXGroup;
			children = (
				5D45719125FA53DE00BF2DCB /* AMC_Test_PrepperTests.swift */,
				5D45719325FA53DE00BF2DCB /* Info.plist */,
			);
			path = "AMC Test PrepperTests";
			sourceTree = "<group>";
		};
		5D45719B25FA53DE00BF2DCB /* AMC Test PrepperUITests */ = {
			isa = PBXGroup;
			children = (
				5D45719C25FA53DE00BF2DCB /* AMC_Test_PrepperUITests.swift */,
				5D45719E25FA53DE00BF2DCB /* Info.plist */,
			);
			path = "AMC Test PrepperUITests";
			sourceTree = "<group>";
		};
/* End PBXGroup section */

/* Begin PBXNativeTarget section */
		5D45717625FA53DB00BF2DCB /* AMC Test Prepper */ = {
			isa = PBXNativeTarget;
			buildConfigurationList = 5D4571A125FA53DE00BF2DCB /* Build configuration list for PBXNativeTarget "AMC Test Prepper" */;
			buildPhases = (
				2F5C4C1BA42A3201081DC020 /* [CP] Check Pods Manifest.lock */,
				5D45717325FA53DB00BF2DCB /* Sources */,
				5D45717425FA53DB00BF2DCB /* Frameworks */,
				5D45717525FA53DB00BF2DCB /* Resources */,
				D4425701B981D1093E624347 /* [CP] Embed Pods Frameworks */,
			);
			buildRules = (
			);
			dependencies = (
			);
			name = "AMC Test Prepper";
			productName = "AMC Test Prepper";
			productReference = 5D45717725FA53DB00BF2DCB /* AMC Test Prepper.app */;
			productType = "com.apple.product-type.application";
		};
		5D45718C25FA53DD00BF2DCB /* AMC Test PrepperTests */ = {
			isa = PBXNativeTarget;
			buildConfigurationList = 5D4571A425FA53DE00BF2DCB /* Build configuration list for PBXNativeTarget "AMC Test PrepperTests" */;
			buildPhases = (
				5D45718925FA53DD00BF2DCB /* Sources */,
				5D45718A25FA53DD00BF2DCB /* Frameworks */,
				5D45718B25FA53DD00BF2DCB /* Resources */,
			);
			buildRules = (
			);
			dependencies = (
				5D45718F25FA53DD00BF2DCB /* PBXTargetDependency */,
			);
			name = "AMC Test PrepperTests";
			productName = "AMC Test PrepperTests";
			productReference = 5D45718D25FA53DD00BF2DCB /* AMC Test PrepperTests.xctest */;
			productType = "com.apple.product-type.bundle.unit-test";
		};
		5D45719725FA53DE00BF2DCB /* AMC Test PrepperUITests */ = {
			isa = PBXNativeTarget;
			buildConfigurationList = 5D4571A725FA53DE00BF2DCB /* Build configuration list for PBXNativeTarget "AMC Test PrepperUITests" */;
			buildPhases = (
				5D45719425FA53DE00BF2DCB /* Sources */,
				5D45719525FA53DE00BF2DCB /* Frameworks */,
				5D45719625FA53DE00BF2DCB /* Resources */,
			);
			buildRules = (
			);
			dependencies = (
				5D45719A25FA53DE00BF2DCB /* PBXTargetDependency */,
			);
			name = "AMC Test PrepperUITests";
			productName = "AMC Test PrepperUITests";
			productReference = 5D45719825FA53DE00BF2DCB /* AMC Test PrepperUITests.xctest */;
			productType = "com.apple.product-type.bundle.ui-testing";
		};
/* End PBXNativeTarget section */

/* Begin PBXProject section */
		5D45716F25FA53DB00BF2DCB /* Project object */ = {
			isa = PBXProject;
			attributes = {
				LastSwiftUpdateCheck = 1160;
				LastUpgradeCheck = 1160;
				ORGANIZATIONNAME = "Nathan Gooneratne (student LM)";
				TargetAttributes = {
					5D45717625FA53DB00BF2DCB = {
						CreatedOnToolsVersion = 11.6;
					};
					5D45718C25FA53DD00BF2DCB = {
						CreatedOnToolsVersion = 11.6;
						TestTargetID = 5D45717625FA53DB00BF2DCB;
					};
					5D45719725FA53DE00BF2DCB = {
						CreatedOnToolsVersion = 11.6;
						TestTargetID = 5D45717625FA53DB00BF2DCB;
					};
				};
			};
			buildConfigurationList = 5D45717225FA53DB00BF2DCB /* Build configuration list for PBXProject "AMC Test Prepper" */;
			compatibilityVersion = "Xcode 9.3";
			developmentRegion = en;
			hasScannedForEncodings = 0;
			knownRegions = (
				en,
				Base,
			);
			mainGroup = 5D45716E25FA53DB00BF2DCB;
			productRefGroup = 5D45717825FA53DB00BF2DCB /* Products */;
			projectDirPath = "";
			projectRoot = "";
			targets = (
				5D45717625FA53DB00BF2DCB /* AMC Test Prepper */,
				5D45718C25FA53DD00BF2DCB /* AMC Test PrepperTests */,
				5D45719725FA53DE00BF2DCB /* AMC Test PrepperUITests */,
			);
		};
/* End PBXProject section */

/* Begin PBXResourcesBuildPhase section */
		5D45717525FA53DB00BF2DCB /* Resources */ = {
			isa = PBXResourcesBuildPhase;
			buildActionMask = 2147483647;
			files = (
				5D45718725FA53DD00BF2DCB /* LaunchScreen.storyboard in Resources */,
				5D897AAB260A129A004300A8 /* GoogleService-Info.plist in Resources */,
				5D45718425FA53DD00BF2DCB /* Preview Assets.xcassets in Resources */,
				5D45718125FA53DD00BF2DCB /* Assets.xcassets in Resources */,
			);
			runOnlyForDeploymentPostprocessing = 0;
		};
		5D45718B25FA53DD00BF2DCB /* Resources */ = {
			isa = PBXResourcesBuildPhase;
			buildActionMask = 2147483647;
			files = (
				5D897AAC260A129A004300A8 /* GoogleService-Info.plist in Resources */,
			);
			runOnlyForDeploymentPostprocessing = 0;
		};
		5D45719625FA53DE00BF2DCB /* Resources */ = {
			isa = PBXResourcesBuildPhase;
			buildActionMask = 2147483647;
			files = (
				5D897AAD260A129A004300A8 /* GoogleService-Info.plist in Resources */,
			);
			runOnlyForDeploymentPostprocessing = 0;
		};
/* End PBXResourcesBuildPhase section */

/* Begin PBXShellScriptBuildPhase section */
		2F5C4C1BA42A3201081DC020 /* [CP] Check Pods Manifest.lock */ = {
			isa = PBXShellScriptBuildPhase;
			buildActionMask = 2147483647;
			files = (
			);
			inputFileListPaths = (
			);
			inputPaths = (
				"${PODS_PODFILE_DIR_PATH}/Podfile.lock",
				"${PODS_ROOT}/Manifest.lock",
			);
			name = "[CP] Check Pods Manifest.lock";
			outputFileListPaths = (
			);
			outputPaths = (
				"$(DERIVED_FILE_DIR)/Pods-AMC Test Prepper-checkManifestLockResult.txt",
			);
			runOnlyForDeploymentPostprocessing = 0;
			shellPath = /bin/sh;
			shellScript = "diff \"${PODS_PODFILE_DIR_PATH}/Podfile.lock\" \"${PODS_ROOT}/Manifest.lock\" > /dev/null\nif [ $? != 0 ] ; then\n    # print error to STDERR\n    echo \"error: The sandbox is not in sync with the Podfile.lock. Run 'pod install' or update your CocoaPods installation.\" >&2\n    exit 1\nfi\n# This output is used by Xcode 'outputs' to avoid re-running this script phase.\necho \"SUCCESS\" > \"${SCRIPT_OUTPUT_FILE_0}\"\n";
			showEnvVarsInLog = 0;
		};
		D4425701B981D1093E624347 /* [CP] Embed Pods Frameworks */ = {
			isa = PBXShellScriptBuildPhase;
			buildActionMask = 2147483647;
			files = (
			);
			inputFileListPaths = (
				"${PODS_ROOT}/Target Support Files/Pods-AMC Test Prepper/Pods-AMC Test Prepper-frameworks-${CONFIGURATION}-input-files.xcfilelist",
			);
			name = "[CP] Embed Pods Frameworks";
			outputFileListPaths = (
				"${PODS_ROOT}/Target Support Files/Pods-AMC Test Prepper/Pods-AMC Test Prepper-frameworks-${CONFIGURATION}-output-files.xcfilelist",
			);
			runOnlyForDeploymentPostprocessing = 0;
			shellPath = /bin/sh;
			shellScript = "\"${PODS_ROOT}/Target Support Files/Pods-AMC Test Prepper/Pods-AMC Test Prepper-frameworks.sh\"\n";
			showEnvVarsInLog = 0;
		};
/* End PBXShellScriptBuildPhase section */

/* Begin PBXSourcesBuildPhase section */
		5D45717325FA53DB00BF2DCB /* Sources */ = {
			isa = PBXSourcesBuildPhase;
			buildActionMask = 2147483647;
			files = (
				5D860DBB2620D1DC003181D3 /* Question.swift in Sources */,
				5D4CE6A4261C894200616E76 /* Scraper.swift in Sources */,
				5D45717B25FA53DB00BF2DCB /* AppDelegate.swift in Sources */,
				5D45717D25FA53DB00BF2DCB /* SceneDelegate.swift in Sources */,
				5D45717F25FA53DB00BF2DCB /* ContentView.swift in Sources */,
			);
			runOnlyForDeploymentPostprocessing = 0;
		};
		5D45718925FA53DD00BF2DCB /* Sources */ = {
			isa = PBXSourcesBuildPhase;
			buildActionMask = 2147483647;
			files = (
				5D45719225FA53DE00BF2DCB /* AMC_Test_PrepperTests.swift in Sources */,
			);
			runOnlyForDeploymentPostprocessing = 0;
		};
		5D45719425FA53DE00BF2DCB /* Sources */ = {
			isa = PBXSourcesBuildPhase;
			buildActionMask = 2147483647;
			files = (
				5D45719D25FA53DE00BF2DCB /* AMC_Test_PrepperUITests.swift in Sources */,
			);
			runOnlyForDeploymentPostprocessing = 0;
		};
/* End PBXSourcesBuildPhase section */

/* Begin PBXTargetDependency section */
		5D45718F25FA53DD00BF2DCB /* PBXTargetDependency */ = {
			isa = PBXTargetDependency;
			target = 5D45717625FA53DB00BF2DCB /* AMC Test Prepper */;
			targetProxy = 5D45718E25FA53DD00BF2DCB /* PBXContainerItemProxy */;
		};
		5D45719A25FA53DE00BF2DCB /* PBXTargetDependency */ = {
			isa = PBXTargetDependency;
			target = 5D45717625FA53DB00BF2DCB /* AMC Test Prepper */;
			targetProxy = 5D45719925FA53DE00BF2DCB /* PBXContainerItemProxy */;
		};
/* End PBXTargetDependency section */

/* Begin PBXVariantGroup section */
		5D45718525FA53DD00BF2DCB /* LaunchScreen.storyboard */ = {
			isa = PBXVariantGroup;
			children = (
				5D45718625FA53DD00BF2DCB /* Base */,
			);
			name = LaunchScreen.storyboard;
			sourceTree = "<group>";
		};
/* End PBXVariantGroup section */

/* Begin XCBuildConfiguration section */
		5D45719F25FA53DE00BF2DCB /* Debug */ = {
			isa = XCBuildConfiguration;
			buildSettings = {
				ALWAYS_SEARCH_USER_PATHS = NO;
				CLANG_ANALYZER_NONNULL = YES;
				CLANG_ANALYZER_NUMBER_OBJECT_CONVERSION = YES_AGGRESSIVE;
				CLANG_CXX_LANGUAGE_STANDARD = "gnu++14";
				CLANG_CXX_LIBRARY = "libc++";
				CLANG_ENABLE_MODULES = YES;
				CLANG_ENABLE_OBJC_ARC = YES;
				CLANG_ENABLE_OBJC_WEAK = YES;
				CLANG_WARN_BLOCK_CAPTURE_AUTORELEASING = YES;
				CLANG_WARN_BOOL_CONVERSION = YES;
				CLANG_WARN_COMMA = YES;
				CLANG_WARN_CONSTANT_CONVERSION = YES;
				CLANG_WARN_DEPRECATED_OBJC_IMPLEMENTATIONS = YES;
				CLANG_WARN_DIRECT_OBJC_ISA_USAGE = YES_ERROR;
				CLANG_WARN_DOCUMENTATION_COMMENTS = YES;
				CLANG_WARN_EMPTY_BODY = YES;
				CLANG_WARN_ENUM_CONVERSION = YES;
				CLANG_WARN_INFINITE_RECURSION = YES;
				CLANG_WARN_INT_CONVERSION = YES;
				CLANG_WARN_NON_LITERAL_NULL_CONVERSION = YES;
				CLANG_WARN_OBJC_IMPLICIT_RETAIN_SELF = YES;
				CLANG_WARN_OBJC_LITERAL_CONVERSION = YES;
				CLANG_WARN_OBJC_ROOT_CLASS = YES_ERROR;
				CLANG_WARN_RANGE_LOOP_ANALYSIS = YES;
				CLANG_WARN_STRICT_PROTOTYPES = YES;
				CLANG_WARN_SUSPICIOUS_MOVE = YES;
				CLANG_WARN_UNGUARDED_AVAILABILITY = YES_AGGRESSIVE;
				CLANG_WARN_UNREACHABLE_CODE = YES;
				CLANG_WARN__DUPLICATE_METHOD_MATCH = YES;
				COPY_PHASE_STRIP = NO;
				DEBUG_INFORMATION_FORMAT = dwarf;
				ENABLE_STRICT_OBJC_MSGSEND = YES;
				ENABLE_TESTABILITY = YES;
				GCC_C_LANGUAGE_STANDARD = gnu11;
				GCC_DYNAMIC_NO_PIC = NO;
				GCC_NO_COMMON_BLOCKS = YES;
				GCC_OPTIMIZATION_LEVEL = 0;
				GCC_PREPROCESSOR_DEFINITIONS = (
					"DEBUG=1",
					"$(inherited)",
				);
				GCC_WARN_64_TO_32_BIT_CONVERSION = YES;
				GCC_WARN_ABOUT_RETURN_TYPE = YES_ERROR;
				GCC_WARN_UNDECLARED_SELECTOR = YES;
				GCC_WARN_UNINITIALIZED_AUTOS = YES_AGGRESSIVE;
				GCC_WARN_UNUSED_FUNCTION = YES;
				GCC_WARN_UNUSED_VARIABLE = YES;
				IPHONEOS_DEPLOYMENT_TARGET = 13.6;
				MTL_ENABLE_DEBUG_INFO = INCLUDE_SOURCE;
				MTL_FAST_MATH = YES;
				ONLY_ACTIVE_ARCH = YES;
				SDKROOT = iphoneos;
				SWIFT_ACTIVE_COMPILATION_CONDITIONS = DEBUG;
				SWIFT_OPTIMIZATION_LEVEL = "-Onone";
			};
			name = Debug;
		};
		5D4571A025FA53DE00BF2DCB /* Release */ = {
			isa = XCBuildConfiguration;
			buildSettings = {
				ALWAYS_SEARCH_USER_PATHS = NO;
				CLANG_ANALYZER_NONNULL = YES;
				CLANG_ANALYZER_NUMBER_OBJECT_CONVERSION = YES_AGGRESSIVE;
				CLANG_CXX_LANGUAGE_STANDARD = "gnu++14";
				CLANG_CXX_LIBRARY = "libc++";
				CLANG_ENABLE_MODULES = YES;
				CLANG_ENABLE_OBJC_ARC = YES;
				CLANG_ENABLE_OBJC_WEAK = YES;
				CLANG_WARN_BLOCK_CAPTURE_AUTORELEASING = YES;
				CLANG_WARN_BOOL_CONVERSION = YES;
				CLANG_WARN_COMMA = YES;
				CLANG_WARN_CONSTANT_CONVERSION = YES;
				CLANG_WARN_DEPRECATED_OBJC_IMPLEMENTATIONS = YES;
				CLANG_WARN_DIRECT_OBJC_ISA_USAGE = YES_ERROR;
				CLANG_WARN_DOCUMENTATION_COMMENTS = YES;
				CLANG_WARN_EMPTY_BODY = YES;
				CLANG_WARN_ENUM_CONVERSION = YES;
				CLANG_WARN_INFINITE_RECURSION = YES;
				CLANG_WARN_INT_CONVERSION = YES;
				CLANG_WARN_NON_LITERAL_NULL_CONVERSION = YES;
				CLANG_WARN_OBJC_IMPLICIT_RETAIN_SELF = YES;
				CLANG_WARN_OBJC_LITERAL_CONVERSION = YES;
				CLANG_WARN_OBJC_ROOT_CLASS = YES_ERROR;
				CLANG_WARN_RANGE_LOOP_ANALYSIS = YES;
				CLANG_WARN_STRICT_PROTOTYPES = YES;
				CLANG_WARN_SUSPICIOUS_MOVE = YES;
				CLANG_WARN_UNGUARDED_AVAILABILITY = YES_AGGRESSIVE;
				CLANG_WARN_UNREACHABLE_CODE = YES;
				CLANG_WARN__DUPLICATE_METHOD_MATCH = YES;
				COPY_PHASE_STRIP = NO;
				DEBUG_INFORMATION_FORMAT = "dwarf-with-dsym";
				ENABLE_NS_ASSERTIONS = NO;
				ENABLE_STRICT_OBJC_MSGSEND = YES;
				GCC_C_LANGUAGE_STANDARD = gnu11;
				GCC_NO_COMMON_BLOCKS = YES;
				GCC_WARN_64_TO_32_BIT_CONVERSION = YES;
				GCC_WARN_ABOUT_RETURN_TYPE = YES_ERROR;
				GCC_WARN_UNDECLARED_SELECTOR = YES;
				GCC_WARN_UNINITIALIZED_AUTOS = YES_AGGRESSIVE;
				GCC_WARN_UNUSED_FUNCTION = YES;
				GCC_WARN_UNUSED_VARIABLE = YES;
				IPHONEOS_DEPLOYMENT_TARGET = 13.6;
				MTL_ENABLE_DEBUG_INFO = NO;
				MTL_FAST_MATH = YES;
				SDKROOT = iphoneos;
				SWIFT_COMPILATION_MODE = wholemodule;
				SWIFT_OPTIMIZATION_LEVEL = "-O";
				VALIDATE_PRODUCT = YES;
			};
			name = Release;
		};
		5D4571A225FA53DE00BF2DCB /* Debug */ = {
			isa = XCBuildConfiguration;
			baseConfigurationReference = 28944023CB5B3BBC8877D131 /* Pods-AMC Test Prepper.debug.xcconfig */;
			buildSettings = {
				ASSETCATALOG_COMPILER_APPICON_NAME = AppIcon;
				CODE_SIGN_STYLE = Automatic;
				DEVELOPMENT_ASSET_PATHS = "\"AMC Test Prepper/Preview Content\"";
				ENABLE_PREVIEWS = YES;
				INFOPLIST_FILE = "AMC Test Prepper/Info.plist";
				LD_RUNPATH_SEARCH_PATHS = (
					"$(inherited)",
					"@executable_path/Frameworks",
				);
				PRODUCT_BUNDLE_IDENTIFIER = "o.AMC-Test-Prepper";
				PRODUCT_NAME = "$(TARGET_NAME)";
				SWIFT_VERSION = 5.0;
				TARGETED_DEVICE_FAMILY = "1,2";
			};
			name = Debug;
		};
		5D4571A325FA53DE00BF2DCB /* Release */ = {
			isa = XCBuildConfiguration;
			baseConfigurationReference = 30536E413D6D17E910540EFB /* Pods-AMC Test Prepper.release.xcconfig */;
			buildSettings = {
				ASSETCATALOG_COMPILER_APPICON_NAME = AppIcon;
				CODE_SIGN_STYLE = Automatic;
				DEVELOPMENT_ASSET_PATHS = "\"AMC Test Prepper/Preview Content\"";
				ENABLE_PREVIEWS = YES;
				INFOPLIST_FILE = "AMC Test Prepper/Info.plist";
				LD_RUNPATH_SEARCH_PATHS = (
					"$(inherited)",
					"@executable_path/Frameworks",
				);
				PRODUCT_BUNDLE_IDENTIFIER = "o.AMC-Test-Prepper";
				PRODUCT_NAME = "$(TARGET_NAME)";
				SWIFT_VERSION = 5.0;
				TARGETED_DEVICE_FAMILY = "1,2";
			};
			name = Release;
		};
		5D4571A525FA53DE00BF2DCB /* Debug */ = {
			isa = XCBuildConfiguration;
			buildSettings = {
				ALWAYS_EMBED_SWIFT_STANDARD_LIBRARIES = YES;
				BUNDLE_LOADER = "$(TEST_HOST)";
				CODE_SIGN_STYLE = Automatic;
				INFOPLIST_FILE = "AMC Test PrepperTests/Info.plist";
				IPHONEOS_DEPLOYMENT_TARGET = 13.6;
				LD_RUNPATH_SEARCH_PATHS = (
					"$(inherited)",
					"@executable_path/Frameworks",
					"@loader_path/Frameworks",
				);
				PRODUCT_BUNDLE_IDENTIFIER = "o.AMC-Test-PrepperTests";
				PRODUCT_NAME = "$(TARGET_NAME)";
				SWIFT_VERSION = 5.0;
				TARGETED_DEVICE_FAMILY = "1,2";
				TEST_HOST = "$(BUILT_PRODUCTS_DIR)/AMC Test Prepper.app/AMC Test Prepper";
			};
			name = Debug;
		};
		5D4571A625FA53DE00BF2DCB /* Release */ = {
			isa = XCBuildConfiguration;
			buildSettings = {
				ALWAYS_EMBED_SWIFT_STANDARD_LIBRARIES = YES;
				BUNDLE_LOADER = "$(TEST_HOST)";
				CODE_SIGN_STYLE = Automatic;
				INFOPLIST_FILE = "AMC Test PrepperTests/Info.plist";
				IPHONEOS_DEPLOYMENT_TARGET = 13.6;
				LD_RUNPATH_SEARCH_PATHS = (
					"$(inherited)",
					"@executable_path/Frameworks",
					"@loader_path/Frameworks",
				);
				PRODUCT_BUNDLE_IDENTIFIER = "o.AMC-Test-PrepperTests";
				PRODUCT_NAME = "$(TARGET_NAME)";
				SWIFT_VERSION = 5.0;
				TARGETED_DEVICE_FAMILY = "1,2";
				TEST_HOST = "$(BUILT_PRODUCTS_DIR)/AMC Test Prepper.app/AMC Test Prepper";
			};
			name = Release;
		};
		5D4571A825FA53DE00BF2DCB /* Debug */ = {
			isa = XCBuildConfiguration;
			buildSettings = {
				ALWAYS_EMBED_SWIFT_STANDARD_LIBRARIES = YES;
				CODE_SIGN_STYLE = Automatic;
				INFOPLIST_FILE = "AMC Test PrepperUITests/Info.plist";
				LD_RUNPATH_SEARCH_PATHS = (
					"$(inherited)",
					"@executable_path/Frameworks",
					"@loader_path/Frameworks",
				);
				PRODUCT_BUNDLE_IDENTIFIER = "o.AMC-Test-PrepperUITests";
				PRODUCT_NAME = "$(TARGET_NAME)";
				SWIFT_VERSION = 5.0;
				TARGETED_DEVICE_FAMILY = "1,2";
				TEST_TARGET_NAME = "AMC Test Prepper";
			};
			name = Debug;
		};
		5D4571A925FA53DE00BF2DCB /* Release */ = {
			isa = XCBuildConfiguration;
			buildSettings = {
				ALWAYS_EMBED_SWIFT_STANDARD_LIBRARIES = YES;
				CODE_SIGN_STYLE = Automatic;
				INFOPLIST_FILE = "AMC Test PrepperUITests/Info.plist";
				LD_RUNPATH_SEARCH_PATHS = (
					"$(inherited)",
					"@executable_path/Frameworks",
					"@loader_path/Frameworks",
				);
				PRODUCT_BUNDLE_IDENTIFIER = "o.AMC-Test-PrepperUITests";
				PRODUCT_NAME = "$(TARGET_NAME)";
				SWIFT_VERSION = 5.0;
				TARGETED_DEVICE_FAMILY = "1,2";
				TEST_TARGET_NAME = "AMC Test Prepper";
			};
			name = Release;
		};
/* End XCBuildConfiguration section */

/* Begin XCConfigurationList section */
		5D45717225FA53DB00BF2DCB /* Build configuration list for PBXProject "AMC Test Prepper" */ = {
			isa = XCConfigurationList;
			buildConfigurations = (
				5D45719F25FA53DE00BF2DCB /* Debug */,
				5D4571A025FA53DE00BF2DCB /* Release */,
			);
			defaultConfigurationIsVisible = 0;
			defaultConfigurationName = Release;
		};
		5D4571A125FA53DE00BF2DCB /* Build configuration list for PBXNativeTarget "AMC Test Prepper" */ = {
			isa = XCConfigurationList;
			buildConfigurations = (
				5D4571A225FA53DE00BF2DCB /* Debug */,
				5D4571A325FA53DE00BF2DCB /* Release */,
			);
			defaultConfigurationIsVisible = 0;
			defaultConfigurationName = Release;
		};
		5D4571A425FA53DE00BF2DCB /* Build configuration list for PBXNativeTarget "AMC Test PrepperTests" */ = {
			isa = XCConfigurationList;
			buildConfigurations = (
				5D4571A525FA53DE00BF2DCB /* Debug */,
				5D4571A625FA53DE00BF2DCB /* Release */,
			);
			defaultConfigurationIsVisible = 0;
			defaultConfigurationName = Release;
		};
		5D4571A725FA53DE00BF2DCB /* Build configuration list for PBXNativeTarget "AMC Test PrepperUITests" */ = {
			isa = XCConfigurationList;
			buildConfigurations = (
				5D4571A825FA53DE00BF2DCB /* Debug */,
				5D4571A925FA53DE00BF2DCB /* Release */,
			);
			defaultConfigurationIsVisible = 0;
			defaultConfigurationName = Release;
		};
/* End XCConfigurationList section */
	};
	rootObject = 5D45716F25FA53DB00BF2DCB /* Project object */;
}
